
Microsoft Visual Studio Solution File, Format Version 12.00
# Visual Studio Version 17
VisualStudioVersion = 17.0.32112.339
MinimumVisualStudioVersion = 10.0.40219.1
Project("{2150E333-8FDC-42A3-9474-1A3956D46DE8}") = "Presentation", "Presentation", "{C9B64B12-719C-4CDD-8EB8-DFE77DFDE6FF}"
EndProject
Project("{2150E333-8FDC-42A3-9474-1A3956D46DE8}") = "Infrastructure", "Infrastructure", "{21E6D779-DE22-46DD-9473-8B0043140530}"
EndProject
Project("{2150E333-8FDC-42A3-9474-1A3956D46DE8}") = "Core", "Core", "{2CF60969-DF84-4DE0-A1BD-562B4043A0B2}"
EndProject
Project("{2150E333-8FDC-42A3-9474-1A3956D46DE8}") = "Database", "Database", "{125844EC-6636-4ED9-9DA5-66B291752A25}"
EndProject
Project("{9A19103F-16F7-4668-BE54-9A1E7A4F7556}") = "DapperUofW.Example.Core", "src\DapperUofW.Example.Core\DapperUofW.Example.Core.csproj", "{ACD8B3D6-0BA5-40B5-84E1-01B100B63BBB}"
EndProject
Project("{00D1A9C2-B5F0-4AF3-8072-F6C62B433612}") = "DapperUofW.Example.Database", "src\DapperUofW.Example.Database\DapperUofW.Example.Database.sqlproj", "{A007775A-AF4C-4C8F-BA15-67EACEC4E31D}"
EndProject
Project("{9A19103F-16F7-4668-BE54-9A1E7A4F7556}") = "DapperUofW.Example.Database.Migration", "src\DapperUofW.Example.Database.Migration\DapperUofW.Example.Database.Migration.csproj", "{59A1C62D-FBC3-48F3-87B1-30995B631593}"
EndProject
Project("{9A19103F-16F7-4668-BE54-9A1E7A4F7556}") = "DapperUofW.Example.Persistence", "src\DapperUofW.Example.Persistence\DapperUofW.Example.Persistence.csproj", "{B1ED45C3-C66B-4480-9E0E-148E95495959}"
EndProject
Project("{9A19103F-16F7-4668-BE54-9A1E7A4F7556}") = "DapperUofW.Example.Console", "src\DapperUofW.Example.Console\DapperUofW.Example.Console.csproj", "{9D938276-A2C8-498E-A52F-C0E1D6688F86}"
EndProject
Global
	GlobalSection(SolutionConfigurationPlatforms) = preSolution
		Debug|Any CPU = Debug|Any CPU
		Release|Any CPU = Release|Any CPU
	EndGlobalSection
	GlobalSection(ProjectConfigurationPlatforms) = postSolution
		{ACD8B3D6-0BA5-40B5-84E1-01B100B63BBB}.Debug|Any CPU.ActiveCfg = Debug|Any CPU
		{ACD8B3D6-0BA5-40B5-84E1-01B100B63BBB}.Debug|Any CPU.Build.0 = Debug|Any CPU
		{ACD8B3D6-0BA5-40B5-84E1-01B100B63BBB}.Release|Any CPU.ActiveCfg = Release|Any CPU
		{ACD8B3D6-0BA5-40B5-84E1-01B100B63BBB}.Release|Any CPU.Build.0 = Release|Any CPU
		{A007775A-AF4C-4C8F-BA15-67EACEC4E31D}.Debug|Any CPU.ActiveCfg = Debug|Any CPU
		{A007775A-AF4C-4C8F-BA15-67EACEC4E31D}.Debug|Any CPU.Build.0 = Debug|Any CPU
		{A007775A-AF4C-4C8F-BA15-67EACEC4E31D}.Debug|Any CPU.Deploy.0 = Debug|Any CPU
		{A007775A-AF4C-4C8F-BA15-67EACEC4E31D}.Release|Any CPU.ActiveCfg = Release|Any CPU
		{A007775A-AF4C-4C8F-BA15-67EACEC4E31D}.Release|Any CPU.Build.0 = Release|Any CPU
		{A007775A-AF4C-4C8F-BA15-67EACEC4E31D}.Release|Any CPU.Deploy.0 = Release|Any CPU
		{59A1C62D-FBC3-48F3-87B1-30995B631593}.Debug|Any CPU.ActiveCfg = Debug|Any CPU
		{59A1C62D-FBC3-48F3-87B1-30995B631593}.Debug|Any CPU.Build.0 = Debug|Any CPU
		{59A1C62D-FBC3-48F3-87B1-30995B631593}.Release|Any CPU.ActiveCfg = Release|Any CPU
		{59A1C62D-FBC3-48F3-87B1-30995B631593}.Release|Any CPU.Build.0 = Release|Any CPU
		{B1ED45C3-C66B-4480-9E0E-148E95495959}.Debug|Any CPU.ActiveCfg = Debug|Any CPU
		{B1ED45C3-C66B-4480-9E0E-148E95495959}.Debug|Any CPU.Build.0 = Debug|Any CPU
		{B1ED45C3-C66B-4480-9E0E-148E95495959}.Release|Any CPU.ActiveCfg = Release|Any CPU
		{B1ED45C3-C66B-4480-9E0E-148E95495959}.Release|Any CPU.Build.0 = Release|Any CPU
		{9D938276-A2C8-498E-A52F-C0E1D6688F86}.Debug|Any CPU.ActiveCfg = Debug|Any CPU
		{9D938276-A2C8-498E-A52F-C0E1D6688F86}.Debug|Any CPU.Build.0 = Debug|Any CPU
		{9D938276-A2C8-498E-A52F-C0E1D6688F86}.Release|Any CPU.ActiveCfg = Release|Any CPU
		{9D938276-A2C8-498E-A52F-C0E1D6688F86}.Release|Any CPU.Build.0 = Release|Any CPU
	EndGlobalSection
	GlobalSection(SolutionProperties) = preSolution
		HideSolutionNode = FALSE
	EndGlobalSection
	GlobalSection(NestedProjects) = preSolution
		{ACD8B3D6-0BA5-40B5-84E1-01B100B63BBB} = {2CF60969-DF84-4DE0-A1BD-562B4043A0B2}
		{A007775A-AF4C-4C8F-BA15-67EACEC4E31D} = {125844EC-6636-4ED9-9DA5-66B291752A25}
		{59A1C62D-FBC3-48F3-87B1-30995B631593} = {125844EC-6636-4ED9-9DA5-66B291752A25}
		{B1ED45C3-C66B-4480-9E0E-148E95495959} = {21E6D779-DE22-46DD-9473-8B0043140530}
		{9D938276-A2C8-498E-A52F-C0E1D6688F86} = {C9B64B12-719C-4CDD-8EB8-DFE77DFDE6FF}
	EndGlobalSection
	GlobalSection(ExtensibilityGlobals) = postSolution
		SolutionGuid = {CF49F62D-967E-4EC9-AF24-8E9832BEB275}
	EndGlobalSection
EndGlobal
